
Microsoft Visual Studio Solution File, Format Version 12.00
# Visual Studio Version 16
VisualStudioVersion = 16.0.810.21
MinimumVisualStudioVersion = 10.0.40219.1
Project("{FAE04EC0-301F-11D3-BF4B-00C04F79EFBC}") = "FacebookTest", "FacebookTest.csproj", "{B4410081-D729-44C4-8799-BCC01FC908DD}"
EndProject
Global
	GlobalSection(SolutionConfigurationPlatforms) = preSolution
		Debug|Any CPU = Debug|Any CPU
		Release|Any CPU = Release|Any CPU
	EndGlobalSection
	GlobalSection(ProjectConfigurationPlatforms) = postSolution
		{B4410081-D729-44C4-8799-BCC01FC908DD}.Debug|Any CPU.ActiveCfg = Debug|Any CPU
		{B4410081-D729-44C4-8799-BCC01FC908DD}.Debug|Any CPU.Build.0 = Debug|Any CPU
		{B4410081-D729-44C4-8799-BCC01FC908DD}.Release|Any CPU.ActiveCfg = Release|Any CPU
		{B4410081-D729-44C4-8799-BCC01FC908DD}.Release|Any CPU.Build.0 = Release|Any CPU
	EndGlobalSection
	GlobalSection(SolutionProperties) = preSolution
		HideSolutionNode = FALSE
	EndGlobalSection
	GlobalSection(ExtensibilityGlobals) = postSolution
		SolutionGuid = {FEDC4467-090E-4D8D-9AD5-4BBAC0A35B9B}
	EndGlobalSection
EndGlobal
